
Microsoft Visual Studio Solution File, Format Version 12.00
# Visual Studio Version 16
VisualStudioVersion = 16.0.29728.190
MinimumVisualStudioVersion = 10.0.40219.1
Project("{9A19103F-16F7-4668-BE54-9A1E7A4F7556}") = "BankingApplication", "BankingApplication\BankingApplication.csproj", "{49EFEE38-B5C7-4C48-9EA3-77968BAC6415}"
EndProject
Project("{FAE04EC0-301F-11D3-BF4B-00C04F79EFBC}") = "BankingApplication.UnitTests", "BankingApplication.UnitTests\BankingApplication.UnitTests.csproj", "{B2E2C201-6C49-45CC-916B-6CC3220BD88E}"
EndProject
Global
	GlobalSection(SolutionConfigurationPlatforms) = preSolution
		Debug|Any CPU = Debug|Any CPU
		Release|Any CPU = Release|Any CPU
	EndGlobalSection
	GlobalSection(ProjectConfigurationPlatforms) = postSolution
		{49EFEE38-B5C7-4C48-9EA3-77968BAC6415}.Debug|Any CPU.ActiveCfg = Debug|Any CPU
		{49EFEE38-B5C7-4C48-9EA3-77968BAC6415}.Debug|Any CPU.Build.0 = Debug|Any CPU
		{49EFEE38-B5C7-4C48-9EA3-77968BAC6415}.Release|Any CPU.ActiveCfg = Release|Any CPU
		{49EFEE38-B5C7-4C48-9EA3-77968BAC6415}.Release|Any CPU.Build.0 = Release|Any CPU
		{B2E2C201-6C49-45CC-916B-6CC3220BD88E}.Debug|Any CPU.ActiveCfg = Debug|Any CPU
		{B2E2C201-6C49-45CC-916B-6CC3220BD88E}.Debug|Any CPU.Build.0 = Debug|Any CPU
		{B2E2C201-6C49-45CC-916B-6CC3220BD88E}.Release|Any CPU.ActiveCfg = Release|Any CPU
		{B2E2C201-6C49-45CC-916B-6CC3220BD88E}.Release|Any CPU.Build.0 = Release|Any CPU
	EndGlobalSection
	GlobalSection(SolutionProperties) = preSolution
		HideSolutionNode = FALSE
	EndGlobalSection
	GlobalSection(ExtensibilityGlobals) = postSolution
		SolutionGuid = {8C8C6462-130A-4AE0-86EA-9CABB37F198E}
	EndGlobalSection
EndGlobal
